
Microsoft Visual Studio Solution File, Format Version 12.00
# Visual Studio 2015
Project("{FAE04EC0-301F-11D3-BF4B-00C04F79EFBC}") = "spy.CSharp", "spy.CSharp.csproj", "{A72C9A66-F057-0CEF-81DC-6955A30BC1C5}"
EndProject
Global
	GlobalSection(SolutionConfigurationPlatforms) = preSolution
		Debug|Any CPU = Debug|Any CPU
		Release|Any CPU = Release|Any CPU
	EndGlobalSection
	GlobalSection(ProjectConfigurationPlatforms) = postSolution
		{A72C9A66-F057-0CEF-81DC-6955A30BC1C5}.Debug|Any CPU.ActiveCfg = Debug|Any CPU
		{A72C9A66-F057-0CEF-81DC-6955A30BC1C5}.Debug|Any CPU.Build.0 = Debug|Any CPU
		{A72C9A66-F057-0CEF-81DC-6955A30BC1C5}.Release|Any CPU.ActiveCfg = Release|Any CPU
		{A72C9A66-F057-0CEF-81DC-6955A30BC1C5}.Release|Any CPU.Build.0 = Release|Any CPU
	EndGlobalSection
	GlobalSection(SolutionProperties) = preSolution
		HideSolutionNode = FALSE
	EndGlobalSection
EndGlobal
